<?xml version="1.0" encoding="utf-8"?>
<Project ToolsVersion="4.0" xmlns="http://schemas.microsoft.com/developer/msbuild/2003">
  <ItemGroup>
    <Filter Include="Pliki nagłówkowe">
      <UniqueIdentifier>{93995380-89BD-4b04-88EB-625FBE52EBFB}</UniqueIdentifier>
      <Extensions>h;hh;hpp;hxx;hm;inl;inc;ipp;xsd</Extensions>
    </Filter>
    <Filter Include="Pliki zasobów">
      <UniqueIdentifier>{67DA6AB6-F800-4c08-8B7A-83BB121AAD01}</UniqueIdentifier>
      <Extensions>rc;ico;cur;bmp;dlg;rc2;rct;bin;rgs;gif;jpg;jpeg;jpe;resx;tiff;tif;png;wav;mfcribbon-ms</Extensions>
    </Filter>
  </ItemGroup>
  <ItemGroup>
    <ClInclude Include="Form.h">
      <Filter>Pliki nagłówkowe</Filter>
    </ClInclude>
    <ClInclude Include="Item.h">
      <Filter>Pliki nagłówkowe</Filter>
    </ClInclude>
    <ClInclude Include="Table.h">
      <Filter>Pliki nagłówkowe</Filter>
    </ClInclude>
    <ClInclude Include="Application.h">
      <Filter>Pliki nagłówkowe</Filter>
    </ClInclude>
    <ClInclude Include="Style.h">
      <Filter>Pliki nagłówkowe</Filter>
    </ClInclude>
    <ClInclude Include="FilesManager.h">
      <Filter>Pliki nagłówkowe</Filter>
    </ClInclude>
    <ClInclude Include="LoginForm.h">
      <Filter>Pliki nagłówkowe</Filter>
    </ClInclude>
    <ClInclude Include="ReklamodawcaForm.h">
      <Filter>Pliki nagłówkowe</Filter>
    </ClInclude>
    <ClInclude Include="CennikForm.h">
      <Filter>Pliki nagłówkowe</Filter>
    </ClInclude>
    <ClInclude Include="StuffGroup.h">
      <Filter>Pliki nagłówkowe</Filter>
    </ClInclude>
    <ClInclude Include="Stuff.h">
      <Filter>Pliki nagłówkowe</Filter>
    </ClInclude>
    <ClInclude Include="CzasForm.h">
      <Filter>Pliki nagłówkowe</Filter>
    </ClInclude>
    <ClInclude Include="MovingList.h">
      <Filter>Pliki nagłówkowe</Filter>
    </ClInclude>
    <ClInclude Include="NadawcaForm.h">
      <Filter>Pliki nagłówkowe</Filter>
    </ClInclude>
    <ClInclude Include="DodajCennikForm.h">
      <Filter>Pliki nagłówkowe</Filter>
    </ClInclude>
    <ClInclude Include="AutoCompletion.h">
      <Filter>Pliki nagłówkowe</Filter>
    </ClInclude>
    <ClInclude Include="pch.h">
      <Filter>Pliki nagłówkowe</Filter>
    </ClInclude>
    <ClInclude Include="ZatwierdzForm.h">
      <Filter>Pliki nagłówkowe</Filter>
    </ClInclude>
  </ItemGroup>
  <ItemGroup>
    <ClCompile Include="Application.cpp">
      <Filter>Pliki zasobów</Filter>
    </ClCompile>
    <ClCompile Include="CennikForm.cpp">
      <Filter>Pliki zasobów</Filter>
    </ClCompile>
    <ClCompile Include="ConsoleApplication1.cpp">
      <Filter>Pliki zasobów</Filter>
    </ClCompile>
    <ClCompile Include="CzasForm.cpp">
      <Filter>Pliki zasobów</Filter>
    </ClCompile>
    <ClCompile Include="FilesManager.cpp">
      <Filter>Pliki zasobów</Filter>
    </ClCompile>
    <ClCompile Include="Form.cpp">
      <Filter>Pliki zasobów</Filter>
    </ClCompile>
    <ClCompile Include="Item.cpp">
      <Filter>Pliki zasobów</Filter>
    </ClCompile>
    <ClCompile Include="LoginForm.cpp">
      <Filter>Pliki zasobów</Filter>
    </ClCompile>
    <ClCompile Include="MovingList.cpp">
      <Filter>Pliki zasobów</Filter>
    </ClCompile>
    <ClCompile Include="ReklamodawcaForm.cpp">
      <Filter>Pliki zasobów</Filter>
    </ClCompile>
    <ClCompile Include="Stuff.cpp">
      <Filter>Pliki zasobów</Filter>
    </ClCompile>
    <ClCompile Include="StuffGroup.cpp">
      <Filter>Pliki zasobów</Filter>
    </ClCompile>
    <ClCompile Include="Style.cpp">
      <Filter>Pliki zasobów</Filter>
    </ClCompile>
    <ClCompile Include="Table.cpp">
      <Filter>Pliki zasobów</Filter>
    </ClCompile>
    <ClCompile Include="NadawcaForm.cpp">
      <Filter>Pliki zasobów</Filter>
    </ClCompile>
    <ClCompile Include="DodajCennikForm.cpp" />
    <ClCompile Include="pch.cpp">
      <Filter>Pliki zasobów</Filter>
    </ClCompile>
    <ClCompile Include="AutoCompletion.cpp">
      <Filter>Pliki zasobów</Filter>
    </ClCompile>
    <ClCompile Include="ZatwierdzForm.cpp" />
  </ItemGroup>
</Project>